
Microsoft Visual Studio Solution File, Format Version 12.00
# Visual Studio 15
VisualStudioVersion = 15.0.27428.2011
MinimumVisualStudioVersion = 10.0.40219.1
Project("{FAE04EC0-301F-11D3-BF4B-00C04F79EFBC}") = "Talagram", "Talagram\Talagram.csproj", "{AF32C240-1FF2-477F-8646-3A2C946E9E00}"
EndProject
Global
	GlobalSection(SolutionConfigurationPlatforms) = preSolution
		Debug|Any CPU = Debug|Any CPU
		Release|Any CPU = Release|Any CPU
	EndGlobalSection
	GlobalSection(ProjectConfigurationPlatforms) = postSolution
		{AF32C240-1FF2-477F-8646-3A2C946E9E00}.Debug|Any CPU.ActiveCfg = Debug|Any CPU
		{AF32C240-1FF2-477F-8646-3A2C946E9E00}.Debug|Any CPU.Build.0 = Debug|Any CPU
		{AF32C240-1FF2-477F-8646-3A2C946E9E00}.Release|Any CPU.ActiveCfg = Release|Any CPU
		{AF32C240-1FF2-477F-8646-3A2C946E9E00}.Release|Any CPU.Build.0 = Release|Any CPU
	EndGlobalSection
	GlobalSection(SolutionProperties) = preSolution
		HideSolutionNode = FALSE
	EndGlobalSection
	GlobalSection(ExtensibilityGlobals) = postSolution
		SolutionGuid = {6003B24D-F253-4EF1-AD12-5CFF1252B2DB}
	EndGlobalSection
EndGlobal
